
Microsoft Visual Studio Solution File, Format Version 12.00
# Visual Studio 15
VisualStudioVersion = 15.0.28306.52
MinimumVisualStudioVersion = 10.0.40219.1
Project("{FAE04EC0-301F-11D3-BF4B-00C04F79EFBC}") = "TheTargetApi", "TheTargetApi\TheTargetApi.csproj", "{C0B172E6-80B3-4333-A270-87CF75B23FA6}"
EndProject
Global
	GlobalSection(SolutionConfigurationPlatforms) = preSolution
		Debug|Any CPU = Debug|Any CPU
		Release|Any CPU = Release|Any CPU
	EndGlobalSection
	GlobalSection(ProjectConfigurationPlatforms) = postSolution
		{C0B172E6-80B3-4333-A270-87CF75B23FA6}.Debug|Any CPU.ActiveCfg = Debug|Any CPU
		{C0B172E6-80B3-4333-A270-87CF75B23FA6}.Debug|Any CPU.Build.0 = Debug|Any CPU
		{C0B172E6-80B3-4333-A270-87CF75B23FA6}.Release|Any CPU.ActiveCfg = Release|Any CPU
		{C0B172E6-80B3-4333-A270-87CF75B23FA6}.Release|Any CPU.Build.0 = Release|Any CPU
	EndGlobalSection
	GlobalSection(SolutionProperties) = preSolution
		HideSolutionNode = FALSE
	EndGlobalSection
	GlobalSection(ExtensibilityGlobals) = postSolution
		SolutionGuid = {CC4C5836-6209-4434-BB29-DBF46E1B5C68}
	EndGlobalSection
EndGlobal
